# @generated by Move, please check-in and do not edit manually.

[move]
version = 3
manifest_digest = "57B5F4E10EBEFFC3A4E627967893BF16320D37FF027EEC9336227207B8BA6E0E"
deps_digest = "3C4103934B1E040BB6B23F1D610B4EF9F2F1166A50A104EADCF77467C004C600"
dependencies = [
  { id = "Dubhe", name = "Dubhe" },
  { id = "Sui", name = "Sui" },
]

[[move.package]]
id = "Dubhe"
source = { git = "https://github.com/0xobelisk/dubhe-framework.git", rev = "develop", subdir = "" }

dependencies = [
  { id = "Sui", name = "Sui" },
]

[[move.package]]
id = "MoveStdlib"
source = { git = "https://github.com/MystenLabs/sui.git", rev = "mainnet-v1.38.3", subdir = "crates/sui-framework/packages/move-stdlib" }

[[move.package]]
id = "Sui"
source = { git = "https://github.com/MystenLabs/sui.git", rev = "mainnet-v1.38.3", subdir = "crates/sui-framework/packages/sui-framework" }

dependencies = [
  { id = "MoveStdlib", name = "MoveStdlib" },
]

[move.toolchain-version]
compiler-version = "1.38.3"
edition = "2024.beta"
flavor = "sui"

[env]

[env.testnet]
chain-id = "4c78adac"
original-published-id = "0x4a9616654b3a7ef9bc15d9aa0cffa782bee64c05fb54def36388a86af8877c45"
latest-published-id = "0x1716ba311b02efd542f7c5a855036ee46405ee4ad5b1d46037032c3d10fca779"
published-version = "2"
