# @generated by Move, please check-in and do not edit manually.

[move]
version = 2
manifest_digest = "7DF2EE0FE8D1FD17257D4CB4BAA9A778C580B03FDC5594A805C47126429CD125"
deps_digest = "3C4103934B1E040BB6B23F1D610B4EF9F2F1166A50A104EADCF77467C004C600"
dependencies = [
  { name = "Dubhe" },
  { name = "Sui" },
]

[[move.package]]
name = "Dubhe"
source = { local = "../dubhe-framework" }

dependencies = [
  { name = "Sui" },
]

[[move.package]]
name = "MoveStdlib"
source = { git = "https://github.com/MystenLabs/sui.git", rev = "mainnet-v1.36.2", subdir = "crates/sui-framework/packages/move-stdlib" }

[[move.package]]
name = "Sui"
source = { git = "https://github.com/MystenLabs/sui.git", rev = "mainnet-v1.36.2", subdir = "crates/sui-framework/packages/sui-framework" }

dependencies = [
  { name = "MoveStdlib" },
]

[move.toolchain-version]
compiler-version = "1.30.3"
edition = "2024.beta"
flavor = "sui"

[env]

[env.testnet]
chain-id = "4c78adac"
original-published-id = "0x4a9616654b3a7ef9bc15d9aa0cffa782bee64c05fb54def36388a86af8877c45"
latest-published-id = "0x1716ba311b02efd542f7c5a855036ee46405ee4ad5b1d46037032c3d10fca779"
published-version = "2"
